
Microsoft Visual Studio Solution File, Format Version 12.00
# Visual Studio Version 16
VisualStudioVersion = 16.0.33423.256
MinimumVisualStudioVersion = 10.0.40219.1
Project("{FAE04EC0-301F-11D3-BF4B-00C04F79EFBC}") = "bHirschi_final", "bHirschi_final\bHirschi_final.csproj", "{5148F3F7-B2EA-40ED-A61B-9FE272A22250}"
EndProject
Global
	GlobalSection(SolutionConfigurationPlatforms) = preSolution
		Debug|Any CPU = Debug|Any CPU
		Release|Any CPU = Release|Any CPU
	EndGlobalSection
	GlobalSection(ProjectConfigurationPlatforms) = postSolution
		{5148F3F7-B2EA-40ED-A61B-9FE272A22250}.Debug|Any CPU.ActiveCfg = Debug|Any CPU
		{5148F3F7-B2EA-40ED-A61B-9FE272A22250}.Debug|Any CPU.Build.0 = Debug|Any CPU
		{5148F3F7-B2EA-40ED-A61B-9FE272A22250}.Release|Any CPU.ActiveCfg = Release|Any CPU
		{5148F3F7-B2EA-40ED-A61B-9FE272A22250}.Release|Any CPU.Build.0 = Release|Any CPU
	EndGlobalSection
	GlobalSection(SolutionProperties) = preSolution
		HideSolutionNode = FALSE
	EndGlobalSection
	GlobalSection(ExtensibilityGlobals) = postSolution
		SolutionGuid = {8A8222EA-3F50-4FE5-A4A6-D2772EBD4844}
	EndGlobalSection
EndGlobal
